{
  "nodes": {
    "nixpkgs": {
      "locked": {
        "lastModified": 1622503062,
        "narHash": "sha256-5QHhFydG1+ImYjeE7XLrPbCUZhWcSYrebXpYuY0XWz4=",
        "owner": "NixOS",
        "repo": "nixpkgs",
        "rev": "3a2e0c36e79cecaf196cbea23e75e74710140ea4",
        "type": "github"
      },
      "original": {
        "id": "nixpkgs",
        "ref": "nixos-21.05",
        "type": "indirect"
      }
    },
    "root": {
      "inputs": {
        "nixpkgs": "nixpkgs"
      }
    }
  },
  "root": "root",
  "version": 7
}
